# THIS IS AN AUTOGENERATED FILE. DO NOT EDIT THIS FILE DIRECTLY.
# yarn lockfile v1


"@typed/common@^3.5.0":
  version "3.5.0"
  resolved "https://registry.yarnpkg.com/@typed/common/-/common-3.5.0.tgz#e5fef1eadd752468e19f85a70da884f05d91e4ad"
  integrity sha512-GV+hjZyu82tWrbtIZwP7NSeVDfiEZe7e0PIsVdhhK1b7RxCRDNxymu5792gPb9QAXJKRwLnlqO6DgSEim3oq0A==

"@typed/disposable@^3.4.1":
  version "3.4.1"
  resolved "https://registry.yarnpkg.com/@typed/disposable/-/disposable-3.4.1.tgz#13607bf51d8e2351bad4fb49567a6e7b8cf9de6b"
  integrity sha512-EsybTZBUUbm4kftcVa0itjzk4xfUuurMJVpxvZc8R+jagTHA0LayQft2+8k/vGN/XDFxS3aG9pcE9WGmsQGRdw==
  dependencies:
    "@typed/lambda" "^3.4.0"

"@typed/effects@^6.8.0":
  version "6.8.0"
  resolved "https://registry.yarnpkg.com/@typed/effects/-/effects-6.8.0.tgz#af6cd592a1aaac2f71d77669e02c1ab932a84276"
  integrity sha512-J6LWy6IQewR/3OUqzUng2yaZIkyGykDgVEIW+t5JNXzhWtP2Ll/4TwCQIg1bfTYjouGTTAgvTZkQGVd33iZm5A==
  dependencies:
    "@typed/common" "^3.5.0"
    "@typed/disposable" "^3.4.1"
    "@typed/either" "^8.3.0"
    "@typed/env" "^8.5.0"
    "@typed/lambda" "^3.4.0"
    "@typed/list" "^6.4.4"
    "@typed/maybe" "^10.4.0"
    "@typed/promises" "^5.3.0"
    "@typed/timer" "^3.6.0"

"@typed/either@^8.3.0":
  version "8.3.0"
  resolved "https://registry.yarnpkg.com/@typed/either/-/either-8.3.0.tgz#e6c0eeb50d7c3c8e8146624712b2637117fd17af"
  integrity sha512-VKKGwdQ0tVP+9wJmuSySvE/zfCq+XhKD6i12ZXhLwiqJgCX/o/r24FRUYwzeuNIbR17Yd2dgC5SWB1rgwOo/pw==
  dependencies:
    "@typed/lambda" "^3.4.0"

"@typed/env@^8.5.0":
  version "8.5.0"
  resolved "https://registry.yarnpkg.com/@typed/env/-/env-8.5.0.tgz#f603826da85b8da4b049a5f20b34a6244d57ad11"
  integrity sha512-gm1/1aoj+IG5Xzp8eBpyQR1T2Yfj/ivdtq9JILSoIsfsMwdigW8dDCja7YH0RL5GYtx09DoPGnABciD8GmLtUw==
  dependencies:
    "@typed/common" "^3.5.0"
    "@typed/disposable" "^3.4.1"
    "@typed/lambda" "^3.4.0"
    "@typed/list" "^6.4.4"
    "@typed/objects" "^6.4.1"
    "@typed/timer" "^3.6.0"

"@typed/http@^8.8.0":
  version "8.8.0"
  resolved "https://registry.yarnpkg.com/@typed/http/-/http-8.8.0.tgz#d6e476389223ee04090a05c8cbe42f7b455b4d76"
  integrity sha512-Cl3hmEk2n45cjdE5GNqgpcRd0A56gtf9yxOYwEGAkI9l5yJP3zKeMD0SQcyQW6JHDTOjuINkgPVtKk6dGodtGg==
  dependencies:
    "@typed/common" "^3.5.0"
    "@typed/disposable" "^3.4.1"
    "@typed/effects" "^6.8.0"
    "@typed/either" "^8.3.0"
    "@typed/env" "^8.5.0"
    "@typed/lambda" "^3.4.0"
    "@typed/logic" "^6.5.4"
    "@typed/maybe" "^10.4.0"
    "@typed/objects" "^6.4.1"
    "@typed/timer" "^3.6.0"

"@typed/lambda@^3.4.0":
  version "3.4.0"
  resolved "https://registry.yarnpkg.com/@typed/lambda/-/lambda-3.4.0.tgz#9daf08d974ad67c913df692347d977657759531b"
  integrity sha512-0Bn60qEt4ocCqUI0W9sALz3CED8HBZc9ErXihNkTJL/CGlUda0XmdUz7/pls5qRAog/dmFyOdR5ls6YSfOyZcw==
  dependencies:
    "@typed/common" "^3.5.0"

"@typed/list@^6.4.4":
  version "6.4.4"
  resolved "https://registry.yarnpkg.com/@typed/list/-/list-6.4.4.tgz#4c5663d8508d2767056acf915b11e917dfda9633"
  integrity sha512-KI/z/MOMbbIbzGzBMthpCGoH2J3Ho1t2nnNuK1sZxk/IAtKSTrMQiWJRArkPQs1JNBH7TDsXDu1/47pUxwxPPw==
  dependencies:
    "@typed/common" "^3.5.0"
    "@typed/lambda" "^3.4.0"
    "@typed/logic" "^6.5.4"
    "@typed/math" "^6.4.0"
    "@typed/maybe" "^10.4.0"
    "@typed/tuple" "^3.3.0"

"@typed/logic@^6.5.4":
  version "6.5.4"
  resolved "https://registry.yarnpkg.com/@typed/logic/-/logic-6.5.4.tgz#32a58fadcf0558505d8c05e6c4a8c4be0bdb570d"
  integrity sha512-TtiG7+GzrnwpBr3e6erPdSQx67eXa5tva/IjvfJnGWAUNjkTBd0+9vuNmIYgobX+IP5kSBFUv95ZAVZnrDgVUQ==
  dependencies:
    "@typed/common" "^3.5.0"
    "@typed/lambda" "^3.4.0"
    "@typed/maybe" "^10.4.0"

"@typed/math@^6.4.0":
  version "6.4.0"
  resolved "https://registry.yarnpkg.com/@typed/math/-/math-6.4.0.tgz#58058ecaa6bc013695de68e2d5d32faacb893f3f"
  integrity sha512-FHa8HBkSFEv9vJiSqjX7J4o9wloB9aDA64CyB2dSuIKYXzP8+tbfg/xBB3qDIB5X7oABWtAi3+kJq79o1QuYtg==
  dependencies:
    "@typed/lambda" "^3.4.0"
    "@typed/maybe" "^10.4.0"

"@typed/maybe@^10.4.0":
  version "10.4.0"
  resolved "https://registry.yarnpkg.com/@typed/maybe/-/maybe-10.4.0.tgz#9b66b606c006e0408cc48f360f14142696f8229c"
  integrity sha512-J7mcL9WSji9u0wD8oCjAIX4q0t0GKNY0ghBHw7vJLoXauEGSRclE9gM+AtfYKVnQuE2fdhy/sCiYzaOJB7iBGQ==
  dependencies:
    "@typed/lambda" "^3.4.0"

"@typed/objects@^6.4.1":
  version "6.4.1"
  resolved "https://registry.yarnpkg.com/@typed/objects/-/objects-6.4.1.tgz#33cc6b92f0c865fc0f0664ec6276442093bd4abe"
  integrity sha512-qu3K5W8z9lS/DcWdINLOw88FDZ9R+NukM+63kGkuEs/CpgcvEN7O+nECP6dPfh1xsKILwareLaVzRIqcegKcbQ==
  dependencies:
    "@typed/common" "^3.5.0"
    "@typed/lambda" "^3.4.0"
    "@typed/maybe" "^10.4.0"

"@typed/promises@^5.3.0":
  version "5.3.0"
  resolved "https://registry.yarnpkg.com/@typed/promises/-/promises-5.3.0.tgz#a90d6a1e184f46d3b683c24d71fe74cb2b5df4d5"
  integrity sha512-25icRmJCPxQ4xpLjFzD/9egFq3JdB042/R3mZNdG6nicJOycV+ADjv+6ZxKpmyYruwNh70hb0dCIzTSMOrZJ7g==
  dependencies:
    "@typed/lambda" "^3.4.0"

"@typed/timer@^3.6.0":
  version "3.6.0"
  resolved "https://registry.yarnpkg.com/@typed/timer/-/timer-3.6.0.tgz#410c9ce9a026d02b7e5f623ec2cd058f1d47c070"
  integrity sha512-Py/9OvemHoI67auuTmejKFUousBAX7gdcxTBKYybUFdEj9EdIpCPUzutzb8tao4PLaNokLlfnlAaCpJLJ91JLg==
  dependencies:
    "@typed/common" "^3.5.0"
    "@typed/disposable" "^3.4.1"
    "@typed/lambda" "^3.4.0"
    "@typed/list" "^6.4.4"

"@typed/tuple@^3.3.0":
  version "3.3.0"
  resolved "https://registry.yarnpkg.com/@typed/tuple/-/tuple-3.3.0.tgz#e95c91ba57b4687366d66ca60225eeb593e29b3c"
  integrity sha512-8yHduiKLkoh+cJ8oOzzX+Rl4uql+vcCmE2UBDt6yqwEVf4FFQckrhdBkUasM71AxMKqQk9PStO243ixV1lTebA==
  dependencies:
    "@typed/lambda" "^3.4.0"
